{
  "name": "dummy",
  "version": "1.0.0",
  "lockfileVersion": 3,
  "requires": true,
  "packages": {
    "": {
      "name": "dummy",
      "version": "1.0.0",
      "license": "ISC",
      "dependencies": {
        "@github/copilot": "^0.0.414"
      }
    },
    "node_modules/@github/copilot": {
      "version": "0.0.414",
      "resolved": "https://registry.npmjs.org/@github/copilot/-/copilot-0.0.414.tgz",
      "integrity": "sha512-jseJ2S02CLWrFks5QK22zzq7as2ErY5m1wMCFBOE6sro1uACq1kvqqM1LwM4qy58YSZFrM1ZAn1s7UOVd9zhIA==",
      "license": "SEE LICENSE IN LICENSE.md",
      "bin": {
        "copilot": "npm-loader.js"
      },
      "optionalDependencies": {
        "@github/copilot-darwin-arm64": "0.0.414",
        "@github/copilot-darwin-x64": "0.0.414",
        "@github/copilot-linux-arm64": "0.0.414",
        "@github/copilot-linux-x64": "0.0.414",
        "@github/copilot-win32-arm64": "0.0.414",
        "@github/copilot-win32-x64": "0.0.414"
      }
    },
    "node_modules/@github/copilot-darwin-arm64": {
      "version": "0.0.414",
      "resolved": "https://registry.npmjs.org/@github/copilot-darwin-arm64/-/copilot-darwin-arm64-0.0.414.tgz",
      "integrity": "sha512-PW4v89v41i4Mg/NYl4+gEhwnDaVz+olNL+RbqtiQI3IV89gZdS+RZQbUEJfOwMaFcT2GfiUK1OuB+YDv5GrkBg==",
      "cpu": [
        "arm64"
      ],
      "license": "SEE LICENSE IN LICENSE.md",
      "optional": true,
      "os": [
        "darwin"
      ],
      "bin": {
        "copilot-darwin-arm64": "copilot"
      }
    },
    "node_modules/@github/copilot-darwin-x64": {
      "version": "0.0.414",
      "resolved": "https://registry.npmjs.org/@github/copilot-darwin-x64/-/copilot-darwin-x64-0.0.414.tgz",
      "integrity": "sha512-NyPYm0NovQTwtuI42WJIi4cjYd2z0wBHEvWlUSczRsSuYEyImAClmZmBPegUU63e5JdZd1PdQkQ7FqrrfL2fZQ==",
      "cpu": [
        "x64"
      ],
      "license": "SEE LICENSE IN LICENSE.md",
      "optional": true,
      "os": [
        "darwin"
      ],
      "bin": {
        "copilot-darwin-x64": "copilot"
      }
    },
    "node_modules/@github/copilot-linux-arm64": {
      "version": "0.0.414",
      "resolved": "https://registry.npmjs.org/@github/copilot-linux-arm64/-/copilot-linux-arm64-0.0.414.tgz",
      "integrity": "sha512-VgdRsvA1FiZ1lcU/AscSvyJWEUWZzoXv2tSZ6WV3NE0uUTuO1Qoq4xuqbKZ/+vKJmn1b8afe7sxAAOtCoWPBHQ==",
      "cpu": [
        "arm64"
      ],
      "license": "SEE LICENSE IN LICENSE.md",
      "optional": true,
      "os": [
        "linux"
      ],
      "bin": {
        "copilot-linux-arm64": "copilot"
      }
    },
    "node_modules/@github/copilot-linux-x64": {
      "version": "0.0.414",
      "resolved": "https://registry.npmjs.org/@github/copilot-linux-x64/-/copilot-linux-x64-0.0.414.tgz",
      "integrity": "sha512-3HyZsbZqYTF5jcT7/e+nDIYBCQXo8UCVWjBI3raOE4lzAw9b2ucL290IhtA23s1+EiquMxJ4m3FnjwFmwlQ12A==",
      "cpu": [
        "x64"
      ],
      "license": "SEE LICENSE IN LICENSE.md",
      "optional": true,
      "os": [
        "linux"
      ],
      "bin": {
        "copilot-linux-x64": "copilot"
      }
    },
    "node_modules/@github/copilot-win32-arm64": {
      "version": "0.0.414",
      "resolved": "https://registry.npmjs.org/@github/copilot-win32-arm64/-/copilot-win32-arm64-0.0.414.tgz",
      "integrity": "sha512-8gdaoF4MPpeV0h8UnCZ8TKI5l274EP0fvAaV9BGjsdyEydDcEb+DHqQiXgitWVKKiHAAaPi12aH8P5OsEDUneQ==",
      "cpu": [
        "arm64"
      ],
      "license": "SEE LICENSE IN LICENSE.md",
      "optional": true,
      "os": [
        "win32"
      ],
      "bin": {
        "copilot-win32-arm64": "copilot.exe"
      }
    },
    "node_modules/@github/copilot-win32-x64": {
      "version": "0.0.414",
      "resolved": "https://registry.npmjs.org/@github/copilot-win32-x64/-/copilot-win32-x64-0.0.414.tgz",
      "integrity": "sha512-E1Oq1jXHaL1oWNsmmiCd4G30/CfgVdswg/T5oDFUxx3Ri+6uBekciIzdyCDelsP1kn2+fC1EYz2AerQ6F+huzg==",
      "cpu": [
        "x64"
      ],
      "license": "SEE LICENSE IN LICENSE.md",
      "optional": true,
      "os": [
        "win32"
      ],
      "bin": {
        "copilot-win32-x64": "copilot.exe"
      }
    }
  }
}
